
Microsoft Visual Studio Solution File, Format Version 12.00
# Visual Studio Version 16
VisualStudioVersion = 16.0.29519.181
MinimumVisualStudioVersion = 10.0.40219.1
Project("{FAE04EC0-301F-11D3-BF4B-00C04F79EFBC}") = "Test", "Test\Test.csproj", "{581811DF-3123-4EF5-AEB3-F0AFD42B3667}"
EndProject
Global
	GlobalSection(SolutionConfigurationPlatforms) = preSolution
		Debug|Any CPU = Debug|Any CPU
		Release|Any CPU = Release|Any CPU
	EndGlobalSection
	GlobalSection(ProjectConfigurationPlatforms) = postSolution
		{581811DF-3123-4EF5-AEB3-F0AFD42B3667}.Debug|Any CPU.ActiveCfg = Debug|Any CPU
		{581811DF-3123-4EF5-AEB3-F0AFD42B3667}.Debug|Any CPU.Build.0 = Debug|Any CPU
		{581811DF-3123-4EF5-AEB3-F0AFD42B3667}.Release|Any CPU.ActiveCfg = Release|Any CPU
		{581811DF-3123-4EF5-AEB3-F0AFD42B3667}.Release|Any CPU.Build.0 = Release|Any CPU
	EndGlobalSection
	GlobalSection(SolutionProperties) = preSolution
		HideSolutionNode = FALSE
	EndGlobalSection
	GlobalSection(ExtensibilityGlobals) = postSolution
		SolutionGuid = {A0331AA8-4132-45EB-9171-37986538B598}
	EndGlobalSection
EndGlobal
